// !$*UTF8*$!
{
	archiveVersion = 1;
	classes = {
	};
	objectVersion = 50;
	objects = {

/* Begin PBXBuildFile section */
		7048CE052238F66B008296B9 /* AppDelegate.swift in Sources */ = {isa = PBXBuildFile; fileRef = 7048CE042238F66B008296B9 /* AppDelegate.swift */; };
		7048CE072238F66B008296B9 /* ViewController.swift in Sources */ = {isa = PBXBuildFile; fileRef = 7048CE062238F66B008296B9 /* ViewController.swift */; };
		7048CE0A2238F66B008296B9 /* Main.storyboard in Resources */ = {isa = PBXBuildFile; fileRef = 7048CE082238F66B008296B9 /* Main.storyboard */; };
		7048CE0C2238F66D008296B9 /* Assets.xcassets in Resources */ = {isa = PBXBuildFile; fileRef = 7048CE0B2238F66D008296B9 /* Assets.xcassets */; };
		7048CE0F2238F66D008296B9 /* LaunchScreen.storyboard in Resources */ = {isa = PBXBuildFile; fileRef = 7048CE0D2238F66D008296B9 /* LaunchScreen.storyboard */; };
		7048CE1A2238F66D008296B9 /* _6cardTests.swift in Sources */ = {isa = PBXBuildFile; fileRef = 7048CE192238F66D008296B9 /* _6cardTests.swift */; };
		7048CE252238F66D008296B9 /* _6cardUITests.swift in Sources */ = {isa = PBXBuildFile; fileRef = 7048CE242238F66D008296B9 /* _6cardUITests.swift */; };
/* End PBXBuildFile section */

/* Begin PBXContainerItemProxy section */
		7048CE162238F66D008296B9 /* PBXContainerItemProxy */ = {
			isa = PBXContainerItemProxy;
			containerPortal = 7048CDF92238F66B008296B9 /* Project object */;
			proxyType = 1;
			remoteGlobalIDString = 7048CE002238F66B008296B9;
			remoteInfo = 16card;
		};
		7048CE212238F66D008296B9 /* PBXContainerItemProxy */ = {
			isa = PBXContainerItemProxy;
			containerPortal = 7048CDF92238F66B008296B9 /* Project object */;
			proxyType = 1;
			remoteGlobalIDString = 7048CE002238F66B008296B9;
			remoteInfo = 16card;
		};
/* End PBXContainerItemProxy section */

/* Begin PBXFileReference section */
		7048CE012238F66B008296B9 /* 16card.app */ = {isa = PBXFileReference; explicitFileType = wrapper.application; includeInIndex = 0; path = 16card.app; sourceTree = BUILT_PRODUCTS_DIR; };
		7048CE042238F66B008296B9 /* AppDelegate.swift */ = {isa = PBXFileReference; lastKnownFileType = sourcecode.swift; path = AppDelegate.swift; sourceTree = "<group>"; };
		7048CE062238F66B008296B9 /* ViewController.swift */ = {isa = PBXFileReference; lastKnownFileType = sourcecode.swift; path = ViewController.swift; sourceTree = "<group>"; };
		7048CE092238F66B008296B9 /* Base */ = {isa = PBXFileReference; lastKnownFileType = file.storyboard; name = Base; path = Base.lproj/Main.storyboard; sourceTree = "<group>"; };
		7048CE0B2238F66D008296B9 /* Assets.xcassets */ = {isa = PBXFileReference; lastKnownFileType = folder.assetcatalog; path = Assets.xcassets; sourceTree = "<group>"; };
		7048CE0E2238F66D008296B9 /* Base */ = {isa = PBXFileReference; lastKnownFileType = file.storyboard; name = Base; path = Base.lproj/LaunchScreen.storyboard; sourceTree = "<group>"; };
		7048CE102238F66D008296B9 /* Info.plist */ = {isa = PBXFileReference; lastKnownFileType = text.plist.xml; path = Info.plist; sourceTree = "<group>"; };
		7048CE152238F66D008296B9 /* 16cardTests.xctest */ = {isa = PBXFileReference; explicitFileType = wrapper.cfbundle; includeInIndex = 0; path = 16cardTests.xctest; sourceTree = BUILT_PRODUCTS_DIR; };
		7048CE192238F66D008296B9 /* _6cardTests.swift */ = {isa = PBXFileReference; lastKnownFileType = sourcecode.swift; path = _6cardTests.swift; sourceTree = "<group>"; };
		7048CE1B2238F66D008296B9 /* Info.plist */ = {isa = PBXFileReference; lastKnownFileType = text.plist.xml; path = Info.plist; sourceTree = "<group>"; };
		7048CE202238F66D008296B9 /* 16cardUITests.xctest */ = {isa = PBXFileReference; explicitFileType = wrapper.cfbundle; includeInIndex = 0; path = 16cardUITests.xctest; sourceTree = BUILT_PRODUCTS_DIR; };
		7048CE242238F66D008296B9 /* _6cardUITests.swift */ = {isa = PBXFileReference; lastKnownFileType = sourcecode.swift; path = _6cardUITests.swift; sourceTree = "<group>"; };
		7048CE262238F66D008296B9 /* Info.plist */ = {isa = PBXFileReference; lastKnownFileType = text.plist.xml; path = Info.plist; sourceTree = "<group>"; };
/* End PBXFileReference section */

/* Begin PBXFrameworksBuildPhase section */
		7048CDFE2238F66B008296B9 /* Frameworks */ = {
			isa = PBXFrameworksBuildPhase;
			buildActionMask = 2147483647;
			files = (
			);
			runOnlyForDeploymentPostprocessing = 0;
		};
		7048CE122238F66D008296B9 /* Frameworks */ = {
			isa = PBXFrameworksBuildPhase;
			buildActionMask = 2147483647;
			files = (
			);
			runOnlyForDeploymentPostprocessing = 0;
		};
		7048CE1D2238F66D008296B9 /* Frameworks */ = {
			isa = PBXFrameworksBuildPhase;
			buildActionMask = 2147483647;
			files = (
			);
			runOnlyForDeploymentPostprocessing = 0;
		};
/* End PBXFrameworksBuildPhase section */

/* Begin PBXGroup section */
		7048CDF82238F66B008296B9 = {
			isa = PBXGroup;
			children = (
				7048CE032238F66B008296B9 /* 16card */,
				7048CE182238F66D008296B9 /* 16cardTests */,
				7048CE232238F66D008296B9 /* 16cardUITests */,
				7048CE022238F66B008296B9 /* Products */,
			);
			sourceTree = "<group>";
		};
		7048CE022238F66B008296B9 /* Products */ = {
			isa = PBXGroup;
			children = (
				7048CE012238F66B008296B9 /* 16card.app */,
				7048CE152238F66D008296B9 /* 16cardTests.xctest */,
				7048CE202238F66D008296B9 /* 16cardUITests.xctest */,
			);
			name = Products;
			sourceTree = "<group>";
		};
		7048CE032238F66B008296B9 /* 16card */ = {
			isa = PBXGroup;
			children = (
				7048CE042238F66B008296B9 /* AppDelegate.swift */,
				7048CE062238F66B008296B9 /* ViewController.swift */,
				7048CE082238F66B008296B9 /* Main.storyboard */,
				7048CE0B2238F66D008296B9 /* Assets.xcassets */,
				7048CE0D2238F66D008296B9 /* LaunchScreen.storyboard */,
				7048CE102238F66D008296B9 /* Info.plist */,
			);
			path = 16card;
			sourceTree = "<group>";
		};
		7048CE182238F66D008296B9 /* 16cardTests */ = {
			isa = PBXGroup;
			children = (
				7048CE192238F66D008296B9 /* _6cardTests.swift */,
				7048CE1B2238F66D008296B9 /* Info.plist */,
			);
			path = 16cardTests;
			sourceTree = "<group>";
		};
		7048CE232238F66D008296B9 /* 16cardUITests */ = {
			isa = PBXGroup;
			children = (
				7048CE242238F66D008296B9 /* _6cardUITests.swift */,
				7048CE262238F66D008296B9 /* Info.plist */,
			);
			path = 16cardUITests;
			sourceTree = "<group>";
		};
/* End PBXGroup section */

/* Begin PBXNativeTarget section */
		7048CE002238F66B008296B9 /* 16card */ = {
			isa = PBXNativeTarget;
			buildConfigurationList = 7048CE292238F66D008296B9 /* Build configuration list for PBXNativeTarget "16card" */;
			buildPhases = (
				7048CDFD2238F66B008296B9 /* Sources */,
				7048CDFE2238F66B008296B9 /* Frameworks */,
				7048CDFF2238F66B008296B9 /* Resources */,
			);
			buildRules = (
			);
			dependencies = (
			);
			name = 16card;
			productName = 16card;
			productReference = 7048CE012238F66B008296B9 /* 16card.app */;
			productType = "com.apple.product-type.application";
		};
		7048CE142238F66D008296B9 /* 16cardTests */ = {
			isa = PBXNativeTarget;
			buildConfigurationList = 7048CE2C2238F66D008296B9 /* Build configuration list for PBXNativeTarget "16cardTests" */;
			buildPhases = (
				7048CE112238F66D008296B9 /* Sources */,
				7048CE122238F66D008296B9 /* Frameworks */,
				7048CE132238F66D008296B9 /* Resources */,
			);
			buildRules = (
			);
			dependencies = (
				7048CE172238F66D008296B9 /* PBXTargetDependency */,
			);
			name = 16cardTests;
			productName = 16cardTests;
			productReference = 7048CE152238F66D008296B9 /* 16cardTests.xctest */;
			productType = "com.apple.product-type.bundle.unit-test";
		};
		7048CE1F2238F66D008296B9 /* 16cardUITests */ = {
			isa = PBXNativeTarget;
			buildConfigurationList = 7048CE2F2238F66D008296B9 /* Build configuration list for PBXNativeTarget "16cardUITests" */;
			buildPhases = (
				7048CE1C2238F66D008296B9 /* Sources */,
				7048CE1D2238F66D008296B9 /* Frameworks */,
				7048CE1E2238F66D008296B9 /* Resources */,
			);
			buildRules = (
			);
			dependencies = (
				7048CE222238F66D008296B9 /* PBXTargetDependency */,
			);
			name = 16cardUITests;
			productName = 16cardUITests;
			productReference = 7048CE202238F66D008296B9 /* 16cardUITests.xctest */;
			productType = "com.apple.product-type.bundle.ui-testing";
		};
/* End PBXNativeTarget section */

/* Begin PBXProject section */
		7048CDF92238F66B008296B9 /* Project object */ = {
			isa = PBXProject;
			attributes = {
				LastSwiftUpdateCheck = 1010;
				LastUpgradeCheck = 1010;
				ORGANIZATIONNAME = Mickey;
				TargetAttributes = {
					7048CE002238F66B008296B9 = {
						CreatedOnToolsVersion = 10.1;
					};
					7048CE142238F66D008296B9 = {
						CreatedOnToolsVersion = 10.1;
						TestTargetID = 7048CE002238F66B008296B9;
					};
					7048CE1F2238F66D008296B9 = {
						CreatedOnToolsVersion = 10.1;
						TestTargetID = 7048CE002238F66B008296B9;
					};
				};
			};
			buildConfigurationList = 7048CDFC2238F66B008296B9 /* Build configuration list for PBXProject "16card" */;
			compatibilityVersion = "Xcode 9.3";
			developmentRegion = en;
			hasScannedForEncodings = 0;
			knownRegions = (
				en,
				Base,
			);
			mainGroup = 7048CDF82238F66B008296B9;
			productRefGroup = 7048CE022238F66B008296B9 /* Products */;
			projectDirPath = "";
			projectRoot = "";
			targets = (
				7048CE002238F66B008296B9 /* 16card */,
				7048CE142238F66D008296B9 /* 16cardTests */,
				7048CE1F2238F66D008296B9 /* 16cardUITests */,
			);
		};
/* End PBXProject section */

/* Begin PBXResourcesBuildPhase section */
		7048CDFF2238F66B008296B9 /* Resources */ = {
			isa = PBXResourcesBuildPhase;
			buildActionMask = 2147483647;
			files = (
				7048CE0F2238F66D008296B9 /* LaunchScreen.storyboard in Resources */,
				7048CE0C2238F66D008296B9 /* Assets.xcassets in Resources */,
				7048CE0A2238F66B008296B9 /* Main.storyboard in Resources */,
			);
			runOnlyForDeploymentPostprocessing = 0;
		};
		7048CE132238F66D008296B9 /* Resources */ = {
			isa = PBXResourcesBuildPhase;
			buildActionMask = 2147483647;
			files = (
			);
			runOnlyForDeploymentPostprocessing = 0;
		};
		7048CE1E2238F66D008296B9 /* Resources */ = {
			isa = PBXResourcesBuildPhase;
			buildActionMask = 2147483647;
			files = (
			);
			runOnlyForDeploymentPostprocessing = 0;
		};
/* End PBXResourcesBuildPhase section */

/* Begin PBXSourcesBuildPhase section */
		7048CDFD2238F66B008296B9 /* Sources */ = {
			isa = PBXSourcesBuildPhase;
			buildActionMask = 2147483647;
			files = (
				7048CE072238F66B008296B9 /* ViewController.swift in Sources */,
				7048CE052238F66B008296B9 /* AppDelegate.swift in Sources */,
			);
			runOnlyForDeploymentPostprocessing = 0;
		};
		7048CE112238F66D008296B9 /* Sources */ = {
			isa = PBXSourcesBuildPhase;
			buildActionMask = 2147483647;
			files = (
				7048CE1A2238F66D008296B9 /* _6cardTests.swift in Sources */,
			);
			runOnlyForDeploymentPostprocessing = 0;
		};
		7048CE1C2238F66D008296B9 /* Sources */ = {
			isa = PBXSourcesBuildPhase;
			buildActionMask = 2147483647;
			files = (
				7048CE252238F66D008296B9 /* _6cardUITests.swift in Sources */,
			);
			runOnlyForDeploymentPostprocessing = 0;
		};
/* End PBXSourcesBuildPhase section */

/* Begin PBXTargetDependency section */
		7048CE172238F66D008296B9 /* PBXTargetDependency */ = {
			isa = PBXTargetDependency;
			target = 7048CE002238F66B008296B9 /* 16card */;
			targetProxy = 7048CE162238F66D008296B9 /* PBXContainerItemProxy */;
		};
		7048CE222238F66D008296B9 /* PBXTargetDependency */ = {
			isa = PBXTargetDependency;
			target = 7048CE002238F66B008296B9 /* 16card */;
			targetProxy = 7048CE212238F66D008296B9 /* PBXContainerItemProxy */;
		};
/* End PBXTargetDependency section */

/* Begin PBXVariantGroup section */
		7048CE082238F66B008296B9 /* Main.storyboard */ = {
			isa = PBXVariantGroup;
			children = (
				7048CE092238F66B008296B9 /* Base */,
			);
			name = Main.storyboard;
			sourceTree = "<group>";
		};
		7048CE0D2238F66D008296B9 /* LaunchScreen.storyboard */ = {
			isa = PBXVariantGroup;
			children = (
				7048CE0E2238F66D008296B9 /* Base */,
			);
			name = LaunchScreen.storyboard;
			sourceTree = "<group>";
		};
/* End PBXVariantGroup section */

/* Begin XCBuildConfiguration section */
		7048CE272238F66D008296B9 /* Debug */ = {
			isa = XCBuildConfiguration;
			buildSettings = {
				ALWAYS_SEARCH_USER_PATHS = NO;
				CLANG_ANALYZER_NONNULL = YES;
				CLANG_ANALYZER_NUMBER_OBJECT_CONVERSION = YES_AGGRESSIVE;
				CLANG_CXX_LANGUAGE_STANDARD = "gnu++14";
				CLANG_CXX_LIBRARY = "libc++";
				CLANG_ENABLE_MODULES = YES;
				CLANG_ENABLE_OBJC_ARC = YES;
				CLANG_ENABLE_OBJC_WEAK = YES;
				CLANG_WARN_BLOCK_CAPTURE_AUTORELEASING = YES;
				CLANG_WARN_BOOL_CONVERSION = YES;
				CLANG_WARN_COMMA = YES;
				CLANG_WARN_CONSTANT_CONVERSION = YES;
				CLANG_WARN_DEPRECATED_OBJC_IMPLEMENTATIONS = YES;
				CLANG_WARN_DIRECT_OBJC_ISA_USAGE = YES_ERROR;
				CLANG_WARN_DOCUMENTATION_COMMENTS = YES;
				CLANG_WARN_EMPTY_BODY = YES;
				CLANG_WARN_ENUM_CONVERSION = YES;
				CLANG_WARN_INFINITE_RECURSION = YES;
				CLANG_WARN_INT_CONVERSION = YES;
				CLANG_WARN_NON_LITERAL_NULL_CONVERSION = YES;
				CLANG_WARN_OBJC_IMPLICIT_RETAIN_SELF = YES;
				CLANG_WARN_OBJC_LITERAL_CONVERSION = YES;
				CLANG_WARN_OBJC_ROOT_CLASS = YES_ERROR;
				CLANG_WARN_RANGE_LOOP_ANALYSIS = YES;
				CLANG_WARN_STRICT_PROTOTYPES = YES;
				CLANG_WARN_SUSPICIOUS_MOVE = YES;
				CLANG_WARN_UNGUARDED_AVAILABILITY = YES_AGGRESSIVE;
				CLANG_WARN_UNREACHABLE_CODE = YES;
				CLANG_WARN__DUPLICATE_METHOD_MATCH = YES;
				CODE_SIGN_IDENTITY = "iPhone Developer";
				COPY_PHASE_STRIP = NO;
				DEBUG_INFORMATION_FORMAT = dwarf;
				ENABLE_STRICT_OBJC_MSGSEND = YES;
				ENABLE_TESTABILITY = YES;
				GCC_C_LANGUAGE_STANDARD = gnu11;
				GCC_DYNAMIC_NO_PIC = NO;
				GCC_NO_COMMON_BLOCKS = YES;
				GCC_OPTIMIZATION_LEVEL = 0;
				GCC_PREPROCESSOR_DEFINITIONS = (
					"DEBUG=1",
					"$(inherited)",
				);
				GCC_WARN_64_TO_32_BIT_CONVERSION = YES;
				GCC_WARN_ABOUT_RETURN_TYPE = YES_ERROR;
				GCC_WARN_UNDECLARED_SELECTOR = YES;
				GCC_WARN_UNINITIALIZED_AUTOS = YES_AGGRESSIVE;
				GCC_WARN_UNUSED_FUNCTION = YES;
				GCC_WARN_UNUSED_VARIABLE = YES;
				IPHONEOS_DEPLOYMENT_TARGET = 12.1;
				MTL_ENABLE_DEBUG_INFO = INCLUDE_SOURCE;
				MTL_FAST_MATH = YES;
				ONLY_ACTIVE_ARCH = YES;
				SDKROOT = iphoneos;
				SWIFT_ACTIVE_COMPILATION_CONDITIONS = DEBUG;
				SWIFT_OPTIMIZATION_LEVEL = "-Onone";
			};
			name = Debug;
		};
		7048CE282238F66D008296B9 /* Release */ = {
			isa = XCBuildConfiguration;
			buildSettings = {
				ALWAYS_SEARCH_USER_PATHS = NO;
				CLANG_ANALYZER_NONNULL = YES;
				CLANG_ANALYZER_NUMBER_OBJECT_CONVERSION = YES_AGGRESSIVE;
				CLANG_CXX_LANGUAGE_STANDARD = "gnu++14";
				CLANG_CXX_LIBRARY = "libc++";
				CLANG_ENABLE_MODULES = YES;
				CLANG_ENABLE_OBJC_ARC = YES;
				CLANG_ENABLE_OBJC_WEAK = YES;
				CLANG_WARN_BLOCK_CAPTURE_AUTORELEASING = YES;
				CLANG_WARN_BOOL_CONVERSION = YES;
				CLANG_WARN_COMMA = YES;
				CLANG_WARN_CONSTANT_CONVERSION = YES;
				CLANG_WARN_DEPRECATED_OBJC_IMPLEMENTATIONS = YES;
				CLANG_WARN_DIRECT_OBJC_ISA_USAGE = YES_ERROR;
				CLANG_WARN_DOCUMENTATION_COMMENTS = YES;
				CLANG_WARN_EMPTY_BODY = YES;
				CLANG_WARN_ENUM_CONVERSION = YES;
				CLANG_WARN_INFINITE_RECURSION = YES;
				CLANG_WARN_INT_CONVERSION = YES;
				CLANG_WARN_NON_LITERAL_NULL_CONVERSION = YES;
				CLANG_WARN_OBJC_IMPLICIT_RETAIN_SELF = YES;
				CLANG_WARN_OBJC_LITERAL_CONVERSION = YES;
				CLANG_WARN_OBJC_ROOT_CLASS = YES_ERROR;
				CLANG_WARN_RANGE_LOOP_ANALYSIS = YES;
				CLANG_WARN_STRICT_PROTOTYPES = YES;
				CLANG_WARN_SUSPICIOUS_MOVE = YES;
				CLANG_WARN_UNGUARDED_AVAILABILITY = YES_AGGRESSIVE;
				CLANG_WARN_UNREACHABLE_CODE = YES;
				CLANG_WARN__DUPLICATE_METHOD_MATCH = YES;
				CODE_SIGN_IDENTITY = "iPhone Developer";
				COPY_PHASE_STRIP = NO;
				DEBUG_INFORMATION_FORMAT = "dwarf-with-dsym";
				ENABLE_NS_ASSERTIONS = NO;
				ENABLE_STRICT_OBJC_MSGSEND = YES;
				GCC_C_LANGUAGE_STANDARD = gnu11;
				GCC_NO_COMMON_BLOCKS = YES;
				GCC_WARN_64_TO_32_BIT_CONVERSION = YES;
				GCC_WARN_ABOUT_RETURN_TYPE = YES_ERROR;
				GCC_WARN_UNDECLARED_SELECTOR = YES;
				GCC_WARN_UNINITIALIZED_AUTOS = YES_AGGRESSIVE;
				GCC_WARN_UNUSED_FUNCTION = YES;
				GCC_WARN_UNUSED_VARIABLE = YES;
				IPHONEOS_DEPLOYMENT_TARGET = 12.1;
				MTL_ENABLE_DEBUG_INFO = NO;
				MTL_FAST_MATH = YES;
				SDKROOT = iphoneos;
				SWIFT_COMPILATION_MODE = wholemodule;
				SWIFT_OPTIMIZATION_LEVEL = "-O";
				VALIDATE_PRODUCT = YES;
			};
			name = Release;
		};
		7048CE2A2238F66D008296B9 /* Debug */ = {
			isa = XCBuildConfiguration;
			buildSettings = {
				ASSETCATALOG_COMPILER_APPICON_NAME = AppIcon;
				CODE_SIGN_STYLE = Automatic;
				DEVELOPMENT_TEAM = XS3UQ29P89;
				INFOPLIST_FILE = 16card/Info.plist;
				LD_RUNPATH_SEARCH_PATHS = (
					"$(inherited)",
					"@executable_path/Frameworks",
				);
				PRODUCT_BUNDLE_IDENTIFIER = "one.-6card";
				PRODUCT_NAME = "$(TARGET_NAME)";
				SWIFT_VERSION = 4.2;
				TARGETED_DEVICE_FAMILY = "1,2";
			};
			name = Debug;
		};
		7048CE2B2238F66D008296B9 /* Release */ = {
			isa = XCBuildConfiguration;
			buildSettings = {
				ASSETCATALOG_COMPILER_APPICON_NAME = AppIcon;
				CODE_SIGN_STYLE = Automatic;
				DEVELOPMENT_TEAM = XS3UQ29P89;
				INFOPLIST_FILE = 16card/Info.plist;
				LD_RUNPATH_SEARCH_PATHS = (
					"$(inherited)",
					"@executable_path/Frameworks",
				);
				PRODUCT_BUNDLE_IDENTIFIER = "one.-6card";
				PRODUCT_NAME = "$(TARGET_NAME)";
				SWIFT_VERSION = 4.2;
				TARGETED_DEVICE_FAMILY = "1,2";
			};
			name = Release;
		};
		7048CE2D2238F66D008296B9 /* Debug */ = {
			isa = XCBuildConfiguration;
			buildSettings = {
				ALWAYS_EMBED_SWIFT_STANDARD_LIBRARIES = YES;
				BUNDLE_LOADER = "$(TEST_HOST)";
				CODE_SIGN_STYLE = Automatic;
				DEVELOPMENT_TEAM = XS3UQ29P89;
				INFOPLIST_FILE = 16cardTests/Info.plist;
				LD_RUNPATH_SEARCH_PATHS = (
					"$(inherited)",
					"@executable_path/Frameworks",
					"@loader_path/Frameworks",
				);
				PRODUCT_BUNDLE_IDENTIFIER = "one.-6cardTests";
				PRODUCT_NAME = "$(TARGET_NAME)";
				SWIFT_VERSION = 4.2;
				TARGETED_DEVICE_FAMILY = "1,2";
				TEST_HOST = "$(BUILT_PRODUCTS_DIR)/16card.app/16card";
			};
			name = Debug;
		};
		7048CE2E2238F66D008296B9 /* Release */ = {
			isa = XCBuildConfiguration;
			buildSettings = {
				ALWAYS_EMBED_SWIFT_STANDARD_LIBRARIES = YES;
				BUNDLE_LOADER = "$(TEST_HOST)";
				CODE_SIGN_STYLE = Automatic;
				DEVELOPMENT_TEAM = XS3UQ29P89;
				INFOPLIST_FILE = 16cardTests/Info.plist;
				LD_RUNPATH_SEARCH_PATHS = (
					"$(inherited)",
					"@executable_path/Frameworks",
					"@loader_path/Frameworks",
				);
				PRODUCT_BUNDLE_IDENTIFIER = "one.-6cardTests";
				PRODUCT_NAME = "$(TARGET_NAME)";
				SWIFT_VERSION = 4.2;
				TARGETED_DEVICE_FAMILY = "1,2";
				TEST_HOST = "$(BUILT_PRODUCTS_DIR)/16card.app/16card";
			};
			name = Release;
		};
		7048CE302238F66D008296B9 /* Debug */ = {
			isa = XCBuildConfiguration;
			buildSettings = {
				ALWAYS_EMBED_SWIFT_STANDARD_LIBRARIES = YES;
				CODE_SIGN_STYLE = Automatic;
				DEVELOPMENT_TEAM = XS3UQ29P89;
				INFOPLIST_FILE = 16cardUITests/Info.plist;
				LD_RUNPATH_SEARCH_PATHS = (
					"$(inherited)",
					"@executable_path/Frameworks",
					"@loader_path/Frameworks",
				);
				PRODUCT_BUNDLE_IDENTIFIER = "one.-6cardUITests";
				PRODUCT_NAME = "$(TARGET_NAME)";
				SWIFT_VERSION = 4.2;
				TARGETED_DEVICE_FAMILY = "1,2";
				TEST_TARGET_NAME = 16card;
			};
			name = Debug;
		};
		7048CE312238F66D008296B9 /* Release */ = {
			isa = XCBuildConfiguration;
			buildSettings = {
				ALWAYS_EMBED_SWIFT_STANDARD_LIBRARIES = YES;
				CODE_SIGN_STYLE = Automatic;
				DEVELOPMENT_TEAM = XS3UQ29P89;
				INFOPLIST_FILE = 16cardUITests/Info.plist;
				LD_RUNPATH_SEARCH_PATHS = (
					"$(inherited)",
					"@executable_path/Frameworks",
					"@loader_path/Frameworks",
				);
				PRODUCT_BUNDLE_IDENTIFIER = "one.-6cardUITests";
				PRODUCT_NAME = "$(TARGET_NAME)";
				SWIFT_VERSION = 4.2;
				TARGETED_DEVICE_FAMILY = "1,2";
				TEST_TARGET_NAME = 16card;
			};
			name = Release;
		};
/* End XCBuildConfiguration section */

/* Begin XCConfigurationList section */
		7048CDFC2238F66B008296B9 /* Build configuration list for PBXProject "16card" */ = {
			isa = XCConfigurationList;
			buildConfigurations = (
				7048CE272238F66D008296B9 /* Debug */,
				7048CE282238F66D008296B9 /* Release */,
			);
			defaultConfigurationIsVisible = 0;
			defaultConfigurationName = Release;
		};
		7048CE292238F66D008296B9 /* Build configuration list for PBXNativeTarget "16card" */ = {
			isa = XCConfigurationList;
			buildConfigurations = (
				7048CE2A2238F66D008296B9 /* Debug */,
				7048CE2B2238F66D008296B9 /* Release */,
			);
			defaultConfigurationIsVisible = 0;
			defaultConfigurationName = Release;
		};
		7048CE2C2238F66D008296B9 /* Build configuration list for PBXNativeTarget "16cardTests" */ = {
			isa = XCConfigurationList;
			buildConfigurations = (
				7048CE2D2238F66D008296B9 /* Debug */,
				7048CE2E2238F66D008296B9 /* Release */,
			);
			defaultConfigurationIsVisible = 0;
			defaultConfigurationName = Release;
		};
		7048CE2F2238F66D008296B9 /* Build configuration list for PBXNativeTarget "16cardUITests" */ = {
			isa = XCConfigurationList;
			buildConfigurations = (
				7048CE302238F66D008296B9 /* Debug */,
				7048CE312238F66D008296B9 /* Release */,
			);
			defaultConfigurationIsVisible = 0;
			defaultConfigurationName = Release;
		};
/* End XCConfigurationList section */
	};
	rootObject = 7048CDF92238F66B008296B9 /* Project object */;
}
